// !$*UTF8*$!
{
	archiveVersion = 1;
	classes = {
	};
	objectVersion = 46;
	objects = {

/* Begin PBXBuildFile section */
		75FCF3671DA51F8B007F99B4 /* AppDelegate.swift in Sources */ = {isa = PBXBuildFile; fileRef = 75FCF3661DA51F8B007F99B4 /* AppDelegate.swift */; };
		75FCF3691DA51F8B007F99B4 /* ViewController.swift in Sources */ = {isa = PBXBuildFile; fileRef = 75FCF3681DA51F8B007F99B4 /* ViewController.swift */; };
		75FCF36C1DA51F8B007F99B4 /* Main.storyboard in Resources */ = {isa = PBXBuildFile; fileRef = 75FCF36A1DA51F8B007F99B4 /* Main.storyboard */; };
		75FCF36E1DA51F8B007F99B4 /* Assets.xcassets in Resources */ = {isa = PBXBuildFile; fileRef = 75FCF36D1DA51F8B007F99B4 /* Assets.xcassets */; };
		75FCF3711DA51F8B007F99B4 /* LaunchScreen.storyboard in Resources */ = {isa = PBXBuildFile; fileRef = 75FCF36F1DA51F8B007F99B4 /* LaunchScreen.storyboard */; };
/* End PBXBuildFile section */

/* Begin PBXFileReference section */
		75FCF3631DA51F8B007F99B4 /* icontest.app */ = {isa = PBXFileReference; explicitFileType = wrapper.application; includeInIndex = 0; path = icontest.app; sourceTree = BUILT_PRODUCTS_DIR; };
		75FCF3661DA51F8B007F99B4 /* AppDelegate.swift */ = {isa = PBXFileReference; lastKnownFileType = sourcecode.swift; path = AppDelegate.swift; sourceTree = "<group>"; };
		75FCF3681DA51F8B007F99B4 /* ViewController.swift */ = {isa = PBXFileReference; lastKnownFileType = sourcecode.swift; path = ViewController.swift; sourceTree = "<group>"; };
		75FCF36B1DA51F8B007F99B4 /* Base */ = {isa = PBXFileReference; lastKnownFileType = file.storyboard; name = Base; path = Base.lproj/Main.storyboard; sourceTree = "<group>"; };
		75FCF36D1DA51F8B007F99B4 /* Assets.xcassets */ = {isa = PBXFileReference; lastKnownFileType = folder.assetcatalog; path = Assets.xcassets; sourceTree = "<group>"; };
		75FCF3701DA51F8B007F99B4 /* Base */ = {isa = PBXFileReference; lastKnownFileType = file.storyboard; name = Base; path = Base.lproj/LaunchScreen.storyboard; sourceTree = "<group>"; };
		75FCF3721DA51F8B007F99B4 /* Info.plist */ = {isa = PBXFileReference; lastKnownFileType = text.plist.xml; path = Info.plist; sourceTree = "<group>"; };
/* End PBXFileReference section */

/* Begin PBXFrameworksBuildPhase section */
		75FCF3601DA51F8B007F99B4 /* Frameworks */ = {
			isa = PBXFrameworksBuildPhase;
			buildActionMask = 2147483647;
			files = (
			);
			runOnlyForDeploymentPostprocessing = 0;
		};
/* End PBXFrameworksBuildPhase section */

/* Begin PBXGroup section */
		75FCF35A1DA51F8B007F99B4 = {
			isa = PBXGroup;
			children = (
				75FCF3651DA51F8B007F99B4 /* icontest */,
				75FCF3781DA5274A007F99B4 /* New Group */,
			);
			sourceTree = "<group>";
		};
		75FCF3641DA51F8B007F99B4 /* Products */ = {
			isa = PBXGroup;
			children = (
				75FCF3631DA51F8B007F99B4 /* icontest.app */,
			);
			name = Products;
			sourceTree = "<group>";
		};
		75FCF3651DA51F8B007F99B4 /* icontest */ = {
			isa = PBXGroup;
			children = (
				75FCF3661DA51F8B007F99B4 /* AppDelegate.swift */,
				75FCF3681DA51F8B007F99B4 /* ViewController.swift */,
				75FCF36A1DA51F8B007F99B4 /* Main.storyboard */,
				75FCF36D1DA51F8B007F99B4 /* Assets.xcassets */,
				75FCF36F1DA51F8B007F99B4 /* LaunchScreen.storyboard */,
				75FCF3721DA51F8B007F99B4 /* Info.plist */,
			);
			path = icontest;
			sourceTree = "<group>";
		};
		75FCF3781DA5274A007F99B4 /* New Group */ = {
			isa = PBXGroup;
			children = (
				75FCF3641DA51F8B007F99B4 /* Products */,
			);
			name = "New Group";
			sourceTree = "<group>";
		};
/* End PBXGroup section */

/* Begin PBXNativeTarget section */
		75FCF3621DA51F8B007F99B4 /* icontest */ = {
			isa = PBXNativeTarget;
			buildConfigurationList = 75FCF3751DA51F8B007F99B4 /* Build configuration list for PBXNativeTarget "icontest" */;
			buildPhases = (
				75FCF35F1DA51F8B007F99B4 /* Sources */,
				75FCF3601DA51F8B007F99B4 /* Frameworks */,
				75FCF3611DA51F8B007F99B4 /* Resources */,
			);
			buildRules = (
			);
			dependencies = (
			);
			name = icontest;
			productName = icontest;
			productReference = 75FCF3631DA51F8B007F99B4 /* icontest.app */;
			productType = "com.apple.product-type.application";
		};
/* End PBXNativeTarget section */

/* Begin PBXProject section */
		75FCF35B1DA51F8B007F99B4 /* Project object */ = {
			isa = PBXProject;
			attributes = {
				LastSwiftUpdateCheck = 0800;
				LastUpgradeCheck = 0800;
				ORGANIZATIONNAME = "stephanie yang";
				TargetAttributes = {
					75FCF3621DA51F8B007F99B4 = {
						CreatedOnToolsVersion = 8.0;
						DevelopmentTeam = 9GW39JHD5D;
						ProvisioningStyle = Automatic;
					};
				};
			};
			buildConfigurationList = 75FCF35E1DA51F8B007F99B4 /* Build configuration list for PBXProject "icontest" */;
			compatibilityVersion = "Xcode 3.2";
			developmentRegion = English;
			hasScannedForEncodings = 0;
			knownRegions = (
				en,
				Base,
			);
			mainGroup = 75FCF35A1DA51F8B007F99B4;
			productRefGroup = 75FCF3641DA51F8B007F99B4 /* Products */;
			projectDirPath = "";
			projectRoot = "";
			targets = (
				75FCF3621DA51F8B007F99B4 /* icontest */,
			);
		};
/* End PBXProject section */

/* Begin PBXResourcesBuildPhase section */
		75FCF3611DA51F8B007F99B4 /* Resources */ = {
			isa = PBXResourcesBuildPhase;
			buildActionMask = 2147483647;
			files = (
				75FCF3711DA51F8B007F99B4 /* LaunchScreen.storyboard in Resources */,
				75FCF36E1DA51F8B007F99B4 /* Assets.xcassets in Resources */,
				75FCF36C1DA51F8B007F99B4 /* Main.storyboard in Resources */,
			);
			runOnlyForDeploymentPostprocessing = 0;
		};
/* End PBXResourcesBuildPhase section */

/* Begin PBXSourcesBuildPhase section */
		75FCF35F1DA51F8B007F99B4 /* Sources */ = {
			isa = PBXSourcesBuildPhase;
			buildActionMask = 2147483647;
			files = (
				75FCF3691DA51F8B007F99B4 /* ViewController.swift in Sources */,
				75FCF3671DA51F8B007F99B4 /* AppDelegate.swift in Sources */,
			);
			runOnlyForDeploymentPostprocessing = 0;
		};
/* End PBXSourcesBuildPhase section */

/* Begin PBXVariantGroup section */
		75FCF36A1DA51F8B007F99B4 /* Main.storyboard */ = {
			isa = PBXVariantGroup;
			children = (
				75FCF36B1DA51F8B007F99B4 /* Base */,
			);
			name = Main.storyboard;
			sourceTree = "<group>";
		};
		75FCF36F1DA51F8B007F99B4 /* LaunchScreen.storyboard */ = {
			isa = PBXVariantGroup;
			children = (
				75FCF3701DA51F8B007F99B4 /* Base */,
			);
			name = LaunchScreen.storyboard;
			sourceTree = "<group>";
		};
/* End PBXVariantGroup section */

/* Begin XCBuildConfiguration section */
		75FCF3731DA51F8B007F99B4 /* Debug */ = {
			isa = XCBuildConfiguration;
			buildSettings = {
				ALWAYS_SEARCH_USER_PATHS = NO;
				CLANG_ANALYZER_NONNULL = YES;
				CLANG_CXX_LANGUAGE_STANDARD = "gnu++0x";
				CLANG_CXX_LIBRARY = "libc++";
				CLANG_ENABLE_MODULES = YES;
				CLANG_ENABLE_OBJC_ARC = YES;
				CLANG_WARN_BOOL_CONVERSION = YES;
				CLANG_WARN_CONSTANT_CONVERSION = YES;
				CLANG_WARN_DIRECT_OBJC_ISA_USAGE = YES_ERROR;
				CLANG_WARN_DOCUMENTATION_COMMENTS = YES;
				CLANG_WARN_EMPTY_BODY = YES;
				CLANG_WARN_ENUM_CONVERSION = YES;
				CLANG_WARN_INFINITE_RECURSION = YES;
				CLANG_WARN_INT_CONVERSION = YES;
				CLANG_WARN_OBJC_ROOT_CLASS = YES_ERROR;
				CLANG_WARN_SUSPICIOUS_MOVES = YES;
				CLANG_WARN_UNREACHABLE_CODE = YES;
				CLANG_WARN__DUPLICATE_METHOD_MATCH = YES;
				"CODE_SIGN_IDENTITY[sdk=iphoneos*]" = "iPhone Developer";
				COPY_PHASE_STRIP = NO;
				DEBUG_INFORMATION_FORMAT = dwarf;
				ENABLE_STRICT_OBJC_MSGSEND = YES;
				ENABLE_TESTABILITY = YES;
				GCC_C_LANGUAGE_STANDARD = gnu99;
				GCC_DYNAMIC_NO_PIC = NO;
				GCC_NO_COMMON_BLOCKS = YES;
				GCC_OPTIMIZATION_LEVEL = 0;
				GCC_PREPROCESSOR_DEFINITIONS = (
					"DEBUG=1",
					"$(inherited)",
				);
				GCC_WARN_64_TO_32_BIT_CONVERSION = YES;
				GCC_WARN_ABOUT_RETURN_TYPE = YES_ERROR;
				GCC_WARN_UNDECLARED_SELECTOR = YES;
				GCC_WARN_UNINITIALIZED_AUTOS = YES_AGGRESSIVE;
				GCC_WARN_UNUSED_FUNCTION = YES;
				GCC_WARN_UNUSED_VARIABLE = YES;
				IPHONEOS_DEPLOYMENT_TARGET = 10.0;
				MTL_ENABLE_DEBUG_INFO = YES;
				ONLY_ACTIVE_ARCH = YES;
				SDKROOT = iphoneos;
				SWIFT_ACTIVE_COMPILATION_CONDITIONS = DEBUG;
				SWIFT_OPTIMIZATION_LEVEL = "-Onone";
				TARGETED_DEVICE_FAMILY = "1,2";
			};
			name = Debug;
		};
		75FCF3741DA51F8B007F99B4 /* Release */ = {
			isa = XCBuildConfiguration;
			buildSettings = {
				ALWAYS_SEARCH_USER_PATHS = NO;
				CLANG_ANALYZER_NONNULL = YES;
				CLANG_CXX_LANGUAGE_STANDARD = "gnu++0x";
				CLANG_CXX_LIBRARY = "libc++";
				CLANG_ENABLE_MODULES = YES;
				CLANG_ENABLE_OBJC_ARC = YES;
				CLANG_WARN_BOOL_CONVERSION = YES;
				CLANG_WARN_CONSTANT_CONVERSION = YES;
				CLANG_WARN_DIRECT_OBJC_ISA_USAGE = YES_ERROR;
				CLANG_WARN_DOCUMENTATION_COMMENTS = YES;
				CLANG_WARN_EMPTY_BODY = YES;
				CLANG_WARN_ENUM_CONVERSION = YES;
				CLANG_WARN_INFINITE_RECURSION = YES;
				CLANG_WARN_INT_CONVERSION = YES;
				CLANG_WARN_OBJC_ROOT_CLASS = YES_ERROR;
				CLANG_WARN_SUSPICIOUS_MOVES = YES;
				CLANG_WARN_UNREACHABLE_CODE = YES;
				CLANG_WARN__DUPLICATE_METHOD_MATCH = YES;
				"CODE_SIGN_IDENTITY[sdk=iphoneos*]" = "iPhone Developer";
				COPY_PHASE_STRIP = NO;
				DEBUG_INFORMATION_FORMAT = "dwarf-with-dsym";
				ENABLE_NS_ASSERTIONS = NO;
				ENABLE_STRICT_OBJC_MSGSEND = YES;
				GCC_C_LANGUAGE_STANDARD = gnu99;
				GCC_NO_COMMON_BLOCKS = YES;
				GCC_WARN_64_TO_32_BIT_CONVERSION = YES;
				GCC_WARN_ABOUT_RETURN_TYPE = YES_ERROR;
				GCC_WARN_UNDECLARED_SELECTOR = YES;
				GCC_WARN_UNINITIALIZED_AUTOS = YES_AGGRESSIVE;
				GCC_WARN_UNUSED_FUNCTION = YES;
				GCC_WARN_UNUSED_VARIABLE = YES;
				IPHONEOS_DEPLOYMENT_TARGET = 10.0;
				MTL_ENABLE_DEBUG_INFO = NO;
				SDKROOT = iphoneos;
				SWIFT_OPTIMIZATION_LEVEL = "-Owholemodule";
				TARGETED_DEVICE_FAMILY = "1,2";
				VALIDATE_PRODUCT = YES;
			};
			name = Release;
		};
		75FCF3761DA51F8B007F99B4 /* Debug */ = {
			isa = XCBuildConfiguration;
			buildSettings = {
				ASSETCATALOG_COMPILER_APPICON_NAME = AppIcon;
				DEVELOPMENT_TEAM = 9GW39JHD5D;
				INFOPLIST_FILE = icontest/Info.plist;
				LD_RUNPATH_SEARCH_PATHS = "$(inherited) @executable_path/Frameworks";
				PRODUCT_BUNDLE_IDENTIFIER = co.alphacamp.icontest;
				PRODUCT_NAME = "$(TARGET_NAME)";
				SWIFT_VERSION = 3.0;
			};
			name = Debug;
		};
		75FCF3771DA51F8B007F99B4 /* Release */ = {
			isa = XCBuildConfiguration;
			buildSettings = {
				ASSETCATALOG_COMPILER_APPICON_NAME = AppIcon;
				DEVELOPMENT_TEAM = 9GW39JHD5D;
				INFOPLIST_FILE = icontest/Info.plist;
				LD_RUNPATH_SEARCH_PATHS = "$(inherited) @executable_path/Frameworks";
				PRODUCT_BUNDLE_IDENTIFIER = co.alphacamp.icontest;
				PRODUCT_NAME = "$(TARGET_NAME)";
				SWIFT_VERSION = 3.0;
			};
			name = Release;
		};
/* End XCBuildConfiguration section */

/* Begin XCConfigurationList section */
		75FCF35E1DA51F8B007F99B4 /* Build configuration list for PBXProject "icontest" */ = {
			isa = XCConfigurationList;
			buildConfigurations = (
				75FCF3731DA51F8B007F99B4 /* Debug */,
				75FCF3741DA51F8B007F99B4 /* Release */,
			);
			defaultConfigurationIsVisible = 0;
			defaultConfigurationName = Release;
		};
		75FCF3751DA51F8B007F99B4 /* Build configuration list for PBXNativeTarget "icontest" */ = {
			isa = XCConfigurationList;
			buildConfigurations = (
				75FCF3761DA51F8B007F99B4 /* Debug */,
				75FCF3771DA51F8B007F99B4 /* Release */,
			);
			defaultConfigurationIsVisible = 0;
			defaultConfigurationName = Release;
		};
/* End XCConfigurationList section */
	};
	rootObject = 75FCF35B1DA51F8B007F99B4 /* Project object */;
}
